// !$*UTF8*$!
{
	archiveVersion = 1;
	classes = {
	};
	objectVersion = 56;
	objects = {

/* Begin PBXBuildFile section */
		D00C141F2CBA7DCE00AF2BD9 /* AppDelegate.swift in Sources */ = {isa = PBXBuildFile; fileRef = D00C141E2CBA7DCE00AF2BD9 /* AppDelegate.swift */; };
		D00C14212CBA7DCE00AF2BD9 /* SceneDelegate.swift in Sources */ = {isa = PBXBuildFile; fileRef = D00C14202CBA7DCE00AF2BD9 /* SceneDelegate.swift */; };
		D00C14232CBA7DCE00AF2BD9 /* ViewController.swift in Sources */ = {isa = PBXBuildFile; fileRef = D00C14222CBA7DCE00AF2BD9 /* ViewController.swift */; };
		D00C14292CBA7DCE00AF2BD9 /* TheLastChance.xcdatamodeld in Sources */ = {isa = PBXBuildFile; fileRef = D00C14272CBA7DCE00AF2BD9 /* TheLastChance.xcdatamodeld */; };
		D00C142B2CBA7DD000AF2BD9 /* Assets.xcassets in Resources */ = {isa = PBXBuildFile; fileRef = D00C142A2CBA7DD000AF2BD9 /* Assets.xcassets */; };
		D00C142E2CBA7DD000AF2BD9 /* Base in Resources */ = {isa = PBXBuildFile; fileRef = D00C142D2CBA7DD000AF2BD9 /* Base */; };
		D00C14392CBA88B300AF2BD9 /* NetworkService.swift in Sources */ = {isa = PBXBuildFile; fileRef = D00C14382CBA88B300AF2BD9 /* NetworkService.swift */; };
		D00C143B2CBA88D900AF2BD9 /* CoreDataManager.swift in Sources */ = {isa = PBXBuildFile; fileRef = D00C143A2CBA88D900AF2BD9 /* CoreDataManager.swift */; };
		D00C143D2CBA88E900AF2BD9 /* DataManager.swift in Sources */ = {isa = PBXBuildFile; fileRef = D00C143C2CBA88E900AF2BD9 /* DataManager.swift */; };
		D00C143F2CBA89E800AF2BD9 /* NetworkProtocol.swift in Sources */ = {isa = PBXBuildFile; fileRef = D00C143E2CBA89E800AF2BD9 /* NetworkProtocol.swift */; };
		D00C14412CBA8A3700AF2BD9 /* JSON.swift in Sources */ = {isa = PBXBuildFile; fileRef = D00C14402CBA8A3700AF2BD9 /* JSON.swift */; };
		D00C14432CBA8D4B00AF2BD9 /* NetworkManager.swift in Sources */ = {isa = PBXBuildFile; fileRef = D00C14422CBA8D4B00AF2BD9 /* NetworkManager.swift */; };
		D00C14452CBA8D6100AF2BD9 /* NetworkMockManager.swift in Sources */ = {isa = PBXBuildFile; fileRef = D00C14442CBA8D6100AF2BD9 /* NetworkMockManager.swift */; };
		D00C14472CBA8F0300AF2BD9 /* NetworkError.swift in Sources */ = {isa = PBXBuildFile; fileRef = D00C14462CBA8F0300AF2BD9 /* NetworkError.swift */; };
		D00C14492CBA8FD800AF2BD9 /* APIfunc.swift in Sources */ = {isa = PBXBuildFile; fileRef = D00C14482CBA8FD800AF2BD9 /* APIfunc.swift */; };
		D00C144B2CBAC4F800AF2BD9 /* PetProfileViewController.swift in Sources */ = {isa = PBXBuildFile; fileRef = D00C144A2CBAC4F800AF2BD9 /* PetProfileViewController.swift */; };
		D00C144D2CBAC54A00AF2BD9 /* NavBarView.swift in Sources */ = {isa = PBXBuildFile; fileRef = D00C144C2CBAC54A00AF2BD9 /* NavBarView.swift */; };
		D00C144F2CBAC84F00AF2BD9 /* PetModel.swift in Sources */ = {isa = PBXBuildFile; fileRef = D00C144E2CBAC84E00AF2BD9 /* PetModel.swift */; };
/* End PBXBuildFile section */

/* Begin PBXFileReference section */
		D00C141B2CBA7DCE00AF2BD9 /* TheLastChance.app */ = {isa = PBXFileReference; explicitFileType = wrapper.application; includeInIndex = 0; path = TheLastChance.app; sourceTree = BUILT_PRODUCTS_DIR; };
		D00C141E2CBA7DCE00AF2BD9 /* AppDelegate.swift */ = {isa = PBXFileReference; lastKnownFileType = sourcecode.swift; path = AppDelegate.swift; sourceTree = "<group>"; };
		D00C14202CBA7DCE00AF2BD9 /* SceneDelegate.swift */ = {isa = PBXFileReference; lastKnownFileType = sourcecode.swift; path = SceneDelegate.swift; sourceTree = "<group>"; };
		D00C14222CBA7DCE00AF2BD9 /* ViewController.swift */ = {isa = PBXFileReference; lastKnownFileType = sourcecode.swift; path = ViewController.swift; sourceTree = "<group>"; };
		D00C14282CBA7DCE00AF2BD9 /* TheLastChance.xcdatamodel */ = {isa = PBXFileReference; lastKnownFileType = wrapper.xcdatamodel; path = TheLastChance.xcdatamodel; sourceTree = "<group>"; };
		D00C142A2CBA7DD000AF2BD9 /* Assets.xcassets */ = {isa = PBXFileReference; lastKnownFileType = folder.assetcatalog; path = Assets.xcassets; sourceTree = "<group>"; };
		D00C142D2CBA7DD000AF2BD9 /* Base */ = {isa = PBXFileReference; lastKnownFileType = file.storyboard; name = Base; path = Base.lproj/LaunchScreen.storyboard; sourceTree = "<group>"; };
		D00C142F2CBA7DD000AF2BD9 /* Info.plist */ = {isa = PBXFileReference; lastKnownFileType = text.plist.xml; path = Info.plist; sourceTree = "<group>"; };
		D00C14382CBA88B300AF2BD9 /* NetworkService.swift */ = {isa = PBXFileReference; lastKnownFileType = sourcecode.swift; path = NetworkService.swift; sourceTree = "<group>"; };
		D00C143A2CBA88D900AF2BD9 /* CoreDataManager.swift */ = {isa = PBXFileReference; lastKnownFileType = sourcecode.swift; path = CoreDataManager.swift; sourceTree = "<group>"; };
		D00C143C2CBA88E900AF2BD9 /* DataManager.swift */ = {isa = PBXFileReference; lastKnownFileType = sourcecode.swift; path = DataManager.swift; sourceTree = "<group>"; };
		D00C143E2CBA89E800AF2BD9 /* NetworkProtocol.swift */ = {isa = PBXFileReference; lastKnownFileType = sourcecode.swift; path = NetworkProtocol.swift; sourceTree = "<group>"; };
		D00C14402CBA8A3700AF2BD9 /* JSON.swift */ = {isa = PBXFileReference; lastKnownFileType = sourcecode.swift; path = JSON.swift; sourceTree = "<group>"; };
		D00C14422CBA8D4B00AF2BD9 /* NetworkManager.swift */ = {isa = PBXFileReference; lastKnownFileType = sourcecode.swift; path = NetworkManager.swift; sourceTree = "<group>"; };
		D00C14442CBA8D6100AF2BD9 /* NetworkMockManager.swift */ = {isa = PBXFileReference; lastKnownFileType = sourcecode.swift; path = NetworkMockManager.swift; sourceTree = "<group>"; };
		D00C14462CBA8F0300AF2BD9 /* NetworkError.swift */ = {isa = PBXFileReference; lastKnownFileType = sourcecode.swift; path = NetworkError.swift; sourceTree = "<group>"; };
		D00C14482CBA8FD800AF2BD9 /* APIfunc.swift */ = {isa = PBXFileReference; lastKnownFileType = sourcecode.swift; path = APIfunc.swift; sourceTree = "<group>"; };
		D00C144A2CBAC4F800AF2BD9 /* PetProfileViewController.swift */ = {isa = PBXFileReference; lastKnownFileType = sourcecode.swift; path = PetProfileViewController.swift; sourceTree = "<group>"; };
		D00C144C2CBAC54A00AF2BD9 /* NavBarView.swift */ = {isa = PBXFileReference; lastKnownFileType = sourcecode.swift; path = NavBarView.swift; sourceTree = "<group>"; };
		D00C144E2CBAC84E00AF2BD9 /* PetModel.swift */ = {isa = PBXFileReference; lastKnownFileType = sourcecode.swift; path = PetModel.swift; sourceTree = "<group>"; };
/* End PBXFileReference section */

/* Begin PBXFrameworksBuildPhase section */
		D00C14182CBA7DCE00AF2BD9 /* Frameworks */ = {
			isa = PBXFrameworksBuildPhase;
			buildActionMask = 2147483647;
			files = (
			);
			runOnlyForDeploymentPostprocessing = 0;
		};
/* End PBXFrameworksBuildPhase section */

/* Begin PBXGroup section */
		D00C14122CBA7DCE00AF2BD9 = {
			isa = PBXGroup;
			children = (
				D00C141D2CBA7DCE00AF2BD9 /* TheLastChance */,
				D00C141C2CBA7DCE00AF2BD9 /* Products */,
			);
			sourceTree = "<group>";
		};
		D00C141C2CBA7DCE00AF2BD9 /* Products */ = {
			isa = PBXGroup;
			children = (
				D00C141B2CBA7DCE00AF2BD9 /* TheLastChance.app */,
			);
			name = Products;
			sourceTree = "<group>";
		};
		D00C141D2CBA7DCE00AF2BD9 /* TheLastChance */ = {
			isa = PBXGroup;
			children = (
				D00C14372CBA82C600AF2BD9 /* Models */,
				D00C14362CBA82BC00AF2BD9 /* Views */,
				D00C14352CBA82A900AF2BD9 /* ViewControllers */,
				D00C141E2CBA7DCE00AF2BD9 /* AppDelegate.swift */,
				D00C14202CBA7DCE00AF2BD9 /* SceneDelegate.swift */,
				D00C142A2CBA7DD000AF2BD9 /* Assets.xcassets */,
				D00C142C2CBA7DD000AF2BD9 /* LaunchScreen.storyboard */,
				D00C142F2CBA7DD000AF2BD9 /* Info.plist */,
				D00C14272CBA7DCE00AF2BD9 /* TheLastChance.xcdatamodeld */,
			);
			path = TheLastChance;
			sourceTree = "<group>";
		};
		D00C14352CBA82A900AF2BD9 /* ViewControllers */ = {
			isa = PBXGroup;
			children = (
				D00C14222CBA7DCE00AF2BD9 /* ViewController.swift */,
				D00C144A2CBAC4F800AF2BD9 /* PetProfileViewController.swift */,
			);
			path = ViewControllers;
			sourceTree = "<group>";
		};
		D00C14362CBA82BC00AF2BD9 /* Views */ = {
			isa = PBXGroup;
			children = (
				D00C144C2CBAC54A00AF2BD9 /* NavBarView.swift */,
			);
			path = Views;
			sourceTree = "<group>";
		};
		D00C14372CBA82C600AF2BD9 /* Models */ = {
			isa = PBXGroup;
			children = (
				D00C143C2CBA88E900AF2BD9 /* DataManager.swift */,
				D00C143E2CBA89E800AF2BD9 /* NetworkProtocol.swift */,
				D00C14382CBA88B300AF2BD9 /* NetworkService.swift */,
				D00C14422CBA8D4B00AF2BD9 /* NetworkManager.swift */,
				D00C14442CBA8D6100AF2BD9 /* NetworkMockManager.swift */,
				D00C14462CBA8F0300AF2BD9 /* NetworkError.swift */,
				D00C143A2CBA88D900AF2BD9 /* CoreDataManager.swift */,
				D00C14402CBA8A3700AF2BD9 /* JSON.swift */,
				D00C14482CBA8FD800AF2BD9 /* APIfunc.swift */,
				D00C144E2CBAC84E00AF2BD9 /* PetModel.swift */,
			);
			path = Models;
			sourceTree = "<group>";
		};
/* End PBXGroup section */

/* Begin PBXNativeTarget section */
		D00C141A2CBA7DCE00AF2BD9 /* TheLastChance */ = {
			isa = PBXNativeTarget;
			buildConfigurationList = D00C14322CBA7DD000AF2BD9 /* Build configuration list for PBXNativeTarget "TheLastChance" */;
			buildPhases = (
				D00C14172CBA7DCE00AF2BD9 /* Sources */,
				D00C14182CBA7DCE00AF2BD9 /* Frameworks */,
				D00C14192CBA7DCE00AF2BD9 /* Resources */,
			);
			buildRules = (
			);
			dependencies = (
			);
			name = TheLastChance;
			productName = TheLastChance;
			productReference = D00C141B2CBA7DCE00AF2BD9 /* TheLastChance.app */;
			productType = "com.apple.product-type.application";
		};
/* End PBXNativeTarget section */

/* Begin PBXProject section */
		D00C14132CBA7DCE00AF2BD9 /* Project object */ = {
			isa = PBXProject;
			attributes = {
				BuildIndependentTargetsInParallel = 1;
				LastSwiftUpdateCheck = 1530;
				LastUpgradeCheck = 1530;
				TargetAttributes = {
					D00C141A2CBA7DCE00AF2BD9 = {
						CreatedOnToolsVersion = 15.3;
					};
				};
			};
			buildConfigurationList = D00C14162CBA7DCE00AF2BD9 /* Build configuration list for PBXProject "TheLastChance" */;
			compatibilityVersion = "Xcode 14.0";
			developmentRegion = en;
			hasScannedForEncodings = 0;
			knownRegions = (
				en,
				Base,
			);
			mainGroup = D00C14122CBA7DCE00AF2BD9;
			productRefGroup = D00C141C2CBA7DCE00AF2BD9 /* Products */;
			projectDirPath = "";
			projectRoot = "";
			targets = (
				D00C141A2CBA7DCE00AF2BD9 /* TheLastChance */,
			);
		};
/* End PBXProject section */

/* Begin PBXResourcesBuildPhase section */
		D00C14192CBA7DCE00AF2BD9 /* Resources */ = {
			isa = PBXResourcesBuildPhase;
			buildActionMask = 2147483647;
			files = (
				D00C142B2CBA7DD000AF2BD9 /* Assets.xcassets in Resources */,
				D00C142E2CBA7DD000AF2BD9 /* Base in Resources */,
			);
			runOnlyForDeploymentPostprocessing = 0;
		};
/* End PBXResourcesBuildPhase section */

/* Begin PBXSourcesBuildPhase section */
		D00C14172CBA7DCE00AF2BD9 /* Sources */ = {
			isa = PBXSourcesBuildPhase;
			buildActionMask = 2147483647;
			files = (
				D00C143B2CBA88D900AF2BD9 /* CoreDataManager.swift in Sources */,
				D00C14232CBA7DCE00AF2BD9 /* ViewController.swift in Sources */,
				D00C144D2CBAC54A00AF2BD9 /* NavBarView.swift in Sources */,
				D00C144F2CBAC84F00AF2BD9 /* PetModel.swift in Sources */,
				D00C14432CBA8D4B00AF2BD9 /* NetworkManager.swift in Sources */,
				D00C14292CBA7DCE00AF2BD9 /* TheLastChance.xcdatamodeld in Sources */,
				D00C14412CBA8A3700AF2BD9 /* JSON.swift in Sources */,
				D00C143D2CBA88E900AF2BD9 /* DataManager.swift in Sources */,
				D00C143F2CBA89E800AF2BD9 /* NetworkProtocol.swift in Sources */,
				D00C14392CBA88B300AF2BD9 /* NetworkService.swift in Sources */,
				D00C144B2CBAC4F800AF2BD9 /* PetProfileViewController.swift in Sources */,
				D00C14492CBA8FD800AF2BD9 /* APIfunc.swift in Sources */,
				D00C141F2CBA7DCE00AF2BD9 /* AppDelegate.swift in Sources */,
				D00C14472CBA8F0300AF2BD9 /* NetworkError.swift in Sources */,
				D00C14212CBA7DCE00AF2BD9 /* SceneDelegate.swift in Sources */,
				D00C14452CBA8D6100AF2BD9 /* NetworkMockManager.swift in Sources */,
			);
			runOnlyForDeploymentPostprocessing = 0;
		};
/* End PBXSourcesBuildPhase section */

/* Begin PBXVariantGroup section */
		D00C142C2CBA7DD000AF2BD9 /* LaunchScreen.storyboard */ = {
			isa = PBXVariantGroup;
			children = (
				D00C142D2CBA7DD000AF2BD9 /* Base */,
			);
			name = LaunchScreen.storyboard;
			sourceTree = "<group>";
		};
/* End PBXVariantGroup section */

/* Begin XCBuildConfiguration section */
		D00C14302CBA7DD000AF2BD9 /* Debug */ = {
			isa = XCBuildConfiguration;
			buildSettings = {
				ALWAYS_SEARCH_USER_PATHS = NO;
				ASSETCATALOG_COMPILER_GENERATE_SWIFT_ASSET_SYMBOL_EXTENSIONS = YES;
				CLANG_ANALYZER_NONNULL = YES;
				CLANG_ANALYZER_NUMBER_OBJECT_CONVERSION = YES_AGGRESSIVE;
				CLANG_CXX_LANGUAGE_STANDARD = "gnu++20";
				CLANG_ENABLE_MODULES = YES;
				CLANG_ENABLE_OBJC_ARC = YES;
				CLANG_ENABLE_OBJC_WEAK = YES;
				CLANG_WARN_BLOCK_CAPTURE_AUTORELEASING = YES;
				CLANG_WARN_BOOL_CONVERSION = YES;
				CLANG_WARN_COMMA = YES;
				CLANG_WARN_CONSTANT_CONVERSION = YES;
				CLANG_WARN_DEPRECATED_OBJC_IMPLEMENTATIONS = YES;
				CLANG_WARN_DIRECT_OBJC_ISA_USAGE = YES_ERROR;
				CLANG_WARN_DOCUMENTATION_COMMENTS = YES;
				CLANG_WARN_EMPTY_BODY = YES;
				CLANG_WARN_ENUM_CONVERSION = YES;
				CLANG_WARN_INFINITE_RECURSION = YES;
				CLANG_WARN_INT_CONVERSION = YES;
				CLANG_WARN_NON_LITERAL_NULL_CONVERSION = YES;
				CLANG_WARN_OBJC_IMPLICIT_RETAIN_SELF = YES;
				CLANG_WARN_OBJC_LITERAL_CONVERSION = YES;
				CLANG_WARN_OBJC_ROOT_CLASS = YES_ERROR;
				CLANG_WARN_QUOTED_INCLUDE_IN_FRAMEWORK_HEADER = YES;
				CLANG_WARN_RANGE_LOOP_ANALYSIS = YES;
				CLANG_WARN_STRICT_PROTOTYPES = YES;
				CLANG_WARN_SUSPICIOUS_MOVE = YES;
				CLANG_WARN_UNGUARDED_AVAILABILITY = YES_AGGRESSIVE;
				CLANG_WARN_UNREACHABLE_CODE = YES;
				CLANG_WARN__DUPLICATE_METHOD_MATCH = YES;
				COPY_PHASE_STRIP = NO;
				DEBUG_INFORMATION_FORMAT = dwarf;
				ENABLE_STRICT_OBJC_MSGSEND = YES;
				ENABLE_TESTABILITY = YES;
				ENABLE_USER_SCRIPT_SANDBOXING = YES;
				GCC_C_LANGUAGE_STANDARD = gnu17;
				GCC_DYNAMIC_NO_PIC = NO;
				GCC_NO_COMMON_BLOCKS = YES;
				GCC_OPTIMIZATION_LEVEL = 0;
				GCC_PREPROCESSOR_DEFINITIONS = (
					"DEBUG=1",
					"$(inherited)",
				);
				GCC_WARN_64_TO_32_BIT_CONVERSION = YES;
				GCC_WARN_ABOUT_RETURN_TYPE = YES_ERROR;
				GCC_WARN_UNDECLARED_SELECTOR = YES;
				GCC_WARN_UNINITIALIZED_AUTOS = YES_AGGRESSIVE;
				GCC_WARN_UNUSED_FUNCTION = YES;
				GCC_WARN_UNUSED_VARIABLE = YES;
				IPHONEOS_DEPLOYMENT_TARGET = 17.4;
				LOCALIZATION_PREFERS_STRING_CATALOGS = YES;
				MTL_ENABLE_DEBUG_INFO = INCLUDE_SOURCE;
				MTL_FAST_MATH = YES;
				ONLY_ACTIVE_ARCH = YES;
				SDKROOT = iphoneos;
				SWIFT_ACTIVE_COMPILATION_CONDITIONS = "DEBUG $(inherited)";
				SWIFT_OPTIMIZATION_LEVEL = "-Onone";
			};
			name = Debug;
		};
		D00C14312CBA7DD000AF2BD9 /* Release */ = {
			isa = XCBuildConfiguration;
			buildSettings = {
				ALWAYS_SEARCH_USER_PATHS = NO;
				ASSETCATALOG_COMPILER_GENERATE_SWIFT_ASSET_SYMBOL_EXTENSIONS = YES;
				CLANG_ANALYZER_NONNULL = YES;
				CLANG_ANALYZER_NUMBER_OBJECT_CONVERSION = YES_AGGRESSIVE;
				CLANG_CXX_LANGUAGE_STANDARD = "gnu++20";
				CLANG_ENABLE_MODULES = YES;
				CLANG_ENABLE_OBJC_ARC = YES;
				CLANG_ENABLE_OBJC_WEAK = YES;
				CLANG_WARN_BLOCK_CAPTURE_AUTORELEASING = YES;
				CLANG_WARN_BOOL_CONVERSION = YES;
				CLANG_WARN_COMMA = YES;
				CLANG_WARN_CONSTANT_CONVERSION = YES;
				CLANG_WARN_DEPRECATED_OBJC_IMPLEMENTATIONS = YES;
				CLANG_WARN_DIRECT_OBJC_ISA_USAGE = YES_ERROR;
				CLANG_WARN_DOCUMENTATION_COMMENTS = YES;
				CLANG_WARN_EMPTY_BODY = YES;
				CLANG_WARN_ENUM_CONVERSION = YES;
				CLANG_WARN_INFINITE_RECURSION = YES;
				CLANG_WARN_INT_CONVERSION = YES;
				CLANG_WARN_NON_LITERAL_NULL_CONVERSION = YES;
				CLANG_WARN_OBJC_IMPLICIT_RETAIN_SELF = YES;
				CLANG_WARN_OBJC_LITERAL_CONVERSION = YES;
				CLANG_WARN_OBJC_ROOT_CLASS = YES_ERROR;
				CLANG_WARN_QUOTED_INCLUDE_IN_FRAMEWORK_HEADER = YES;
				CLANG_WARN_RANGE_LOOP_ANALYSIS = YES;
				CLANG_WARN_STRICT_PROTOTYPES = YES;
				CLANG_WARN_SUSPICIOUS_MOVE = YES;
				CLANG_WARN_UNGUARDED_AVAILABILITY = YES_AGGRESSIVE;
				CLANG_WARN_UNREACHABLE_CODE = YES;
				CLANG_WARN__DUPLICATE_METHOD_MATCH = YES;
				COPY_PHASE_STRIP = NO;
				DEBUG_INFORMATION_FORMAT = "dwarf-with-dsym";
				ENABLE_NS_ASSERTIONS = NO;
				ENABLE_STRICT_OBJC_MSGSEND = YES;
				ENABLE_USER_SCRIPT_SANDBOXING = YES;
				GCC_C_LANGUAGE_STANDARD = gnu17;
				GCC_NO_COMMON_BLOCKS = YES;
				GCC_WARN_64_TO_32_BIT_CONVERSION = YES;
				GCC_WARN_ABOUT_RETURN_TYPE = YES_ERROR;
				GCC_WARN_UNDECLARED_SELECTOR = YES;
				GCC_WARN_UNINITIALIZED_AUTOS = YES_AGGRESSIVE;
				GCC_WARN_UNUSED_FUNCTION = YES;
				GCC_WARN_UNUSED_VARIABLE = YES;
				IPHONEOS_DEPLOYMENT_TARGET = 17.4;
				LOCALIZATION_PREFERS_STRING_CATALOGS = YES;
				MTL_ENABLE_DEBUG_INFO = NO;
				MTL_FAST_MATH = YES;
				SDKROOT = iphoneos;
				SWIFT_COMPILATION_MODE = wholemodule;
				VALIDATE_PRODUCT = YES;
			};
			name = Release;
		};
		D00C14332CBA7DD000AF2BD9 /* Debug */ = {
			isa = XCBuildConfiguration;
			buildSettings = {
				ASSETCATALOG_COMPILER_APPICON_NAME = AppIcon;
				ASSETCATALOG_COMPILER_GLOBAL_ACCENT_COLOR_NAME = AccentColor;
				CODE_SIGN_STYLE = Automatic;
				CURRENT_PROJECT_VERSION = 1;
				DEVELOPMENT_TEAM = 6864P4M57B;
				GENERATE_INFOPLIST_FILE = YES;
				INFOPLIST_FILE = TheLastChance/Info.plist;
				INFOPLIST_KEY_UIApplicationSupportsIndirectInputEvents = YES;
				INFOPLIST_KEY_UILaunchStoryboardName = LaunchScreen;
				INFOPLIST_KEY_UISupportedInterfaceOrientations = UIInterfaceOrientationPortrait;
				LD_RUNPATH_SEARCH_PATHS = (
					"$(inherited)",
					"@executable_path/Frameworks",
				);
				MARKETING_VERSION = 1.0;
				PRODUCT_BUNDLE_IDENTIFIER = alex.TheLastChance;
				PRODUCT_NAME = "$(TARGET_NAME)";
				SUPPORTED_PLATFORMS = "iphoneos iphonesimulator";
				SUPPORTS_MACCATALYST = NO;
				SWIFT_EMIT_LOC_STRINGS = YES;
				SWIFT_VERSION = 5.0;
				TARGETED_DEVICE_FAMILY = "1,2";
			};
			name = Debug;
		};
		D00C14342CBA7DD000AF2BD9 /* Release */ = {
			isa = XCBuildConfiguration;
			buildSettings = {
				ASSETCATALOG_COMPILER_APPICON_NAME = AppIcon;
				ASSETCATALOG_COMPILER_GLOBAL_ACCENT_COLOR_NAME = AccentColor;
				CODE_SIGN_STYLE = Automatic;
				CURRENT_PROJECT_VERSION = 1;
				DEVELOPMENT_TEAM = 6864P4M57B;
				GENERATE_INFOPLIST_FILE = YES;
				INFOPLIST_FILE = TheLastChance/Info.plist;
				INFOPLIST_KEY_UIApplicationSupportsIndirectInputEvents = YES;
				INFOPLIST_KEY_UILaunchStoryboardName = LaunchScreen;
				INFOPLIST_KEY_UISupportedInterfaceOrientations = UIInterfaceOrientationPortrait;
				LD_RUNPATH_SEARCH_PATHS = (
					"$(inherited)",
					"@executable_path/Frameworks",
				);
				MARKETING_VERSION = 1.0;
				PRODUCT_BUNDLE_IDENTIFIER = alex.TheLastChance;
				PRODUCT_NAME = "$(TARGET_NAME)";
				SUPPORTED_PLATFORMS = "iphoneos iphonesimulator";
				SUPPORTS_MACCATALYST = NO;
				SWIFT_EMIT_LOC_STRINGS = YES;
				SWIFT_VERSION = 5.0;
				TARGETED_DEVICE_FAMILY = "1,2";
			};
			name = Release;
		};
/* End XCBuildConfiguration section */

/* Begin XCConfigurationList section */
		D00C14162CBA7DCE00AF2BD9 /* Build configuration list for PBXProject "TheLastChance" */ = {
			isa = XCConfigurationList;
			buildConfigurations = (
				D00C14302CBA7DD000AF2BD9 /* Debug */,
				D00C14312CBA7DD000AF2BD9 /* Release */,
			);
			defaultConfigurationIsVisible = 0;
			defaultConfigurationName = Release;
		};
		D00C14322CBA7DD000AF2BD9 /* Build configuration list for PBXNativeTarget "TheLastChance" */ = {
			isa = XCConfigurationList;
			buildConfigurations = (
				D00C14332CBA7DD000AF2BD9 /* Debug */,
				D00C14342CBA7DD000AF2BD9 /* Release */,
			);
			defaultConfigurationIsVisible = 0;
			defaultConfigurationName = Release;
		};
/* End XCConfigurationList section */

/* Begin XCVersionGroup section */
		D00C14272CBA7DCE00AF2BD9 /* TheLastChance.xcdatamodeld */ = {
			isa = XCVersionGroup;
			children = (
				D00C14282CBA7DCE00AF2BD9 /* TheLastChance.xcdatamodel */,
			);
			currentVersion = D00C14282CBA7DCE00AF2BD9 /* TheLastChance.xcdatamodel */;
			path = TheLastChance.xcdatamodeld;
			sourceTree = "<group>";
			versionGroupType = wrapper.xcdatamodel;
		};
/* End XCVersionGroup section */
	};
	rootObject = D00C14132CBA7DCE00AF2BD9 /* Project object */;
}
